
Microsoft Visual Studio Solution File, Format Version 12.00
# Visual Studio Version 17
VisualStudioVersion = 17.6.33717.318
MinimumVisualStudioVersion = 10.0.40219.1
Project("{2150E333-8FDC-42A3-9474-1A3956D46DE8}") = "Services", "Services", "{098CCEA5-E69A-4A27-A6B3-97F105631A9F}"
EndProject
Project("{2150E333-8FDC-42A3-9474-1A3956D46DE8}") = "Catalog", "Catalog", "{379AF819-A527-4CAE-A56F-D513D073FF2E}"
EndProject
Project("{2150E333-8FDC-42A3-9474-1A3956D46DE8}") = "Solution Items", "Solution Items", "{0F476AE5-D4B0-45BD-8337-649032D4557A}"
	ProjectSection(SolutionItems) = preProject
		Ports.txt = Ports.txt
		ServicesFolderTechUsed.txt = ServicesFolderTechUsed.txt
	EndProjectSection
EndProject
Project("{9A19103F-16F7-4668-BE54-9A1E7A4F7556}") = "Services.Catalog", "Services\Catalog\Services.Catalog\Services.Catalog.csproj", "{54F6DA91-4E09-4F49-B6C8-E01508800846}"
EndProject
Project("{2150E333-8FDC-42A3-9474-1A3956D46DE8}") = "Shared", "Shared", "{35553A68-214A-443E-A48F-2BB66AA25E46}"
EndProject
Project("{9A19103F-16F7-4668-BE54-9A1E7A4F7556}") = "Shared", "Shared\Shared\Shared.csproj", "{98C0C4BF-BF15-4BAF-AED7-D6711E548777}"
EndProject
Project("{2150E333-8FDC-42A3-9474-1A3956D46DE8}") = "IdentityServer", "IdentityServer", "{E4CE46ED-7D8E-4369-ADF5-9C52B8216936}"
EndProject
Project("{9A19103F-16F7-4668-BE54-9A1E7A4F7556}") = "IdentityServer", "IdentityServer\IdentityServer\IdentityServer.csproj", "{A5F9411B-1106-48E3-B284-1EA0CE2B14E7}"
EndProject
Project("{2150E333-8FDC-42A3-9474-1A3956D46DE8}") = "PhotoStock", "PhotoStock", "{53C00699-4B8A-4A8E-9C65-535A280DE19D}"
EndProject
Project("{9A19103F-16F7-4668-BE54-9A1E7A4F7556}") = "Services.PhotoStock", "Services\PhotoStock\Services.PhotoStock\Services.PhotoStock.csproj", "{C817EEE7-2081-454F-BA64-94A409426DE2}"
EndProject
Project("{2150E333-8FDC-42A3-9474-1A3956D46DE8}") = "Basket", "Basket", "{EBD17CAE-811C-4DBF-B96E-398A051FD289}"
EndProject
Project("{9A19103F-16F7-4668-BE54-9A1E7A4F7556}") = "Services.Basket", "Services\Basket\Services.Basket\Services.Basket.csproj", "{A98D1601-32E2-4A0C-9EA9-4BEC4EEC887F}"
EndProject
Project("{2150E333-8FDC-42A3-9474-1A3956D46DE8}") = "Discount", "Discount", "{72138DAD-BB6D-405D-8EBE-67232D9DEC3D}"
EndProject
Project("{9A19103F-16F7-4668-BE54-9A1E7A4F7556}") = "Services.Discount", "Services\Discount\Services.Discount\Services.Discount.csproj", "{EB578DE7-8F82-4A85-A1FF-97B6CA32EDF6}"
EndProject
Project("{2150E333-8FDC-42A3-9474-1A3956D46DE8}") = "Order", "Order", "{8965C634-118B-4A44-80C9-A972C7786E9B}"
EndProject
Project("{9A19103F-16F7-4668-BE54-9A1E7A4F7556}") = "Services.Order", "Services\Order\Services.Order\Services.Order.csproj", "{29633A15-B56C-4F84-BE17-512250634351}"
EndProject
Project("{9A19103F-16F7-4668-BE54-9A1E7A4F7556}") = "Services.Order.Application", "Services\Order\Services.Order.Application\Services.Order.Application.csproj", "{A3BA4725-7108-4D67-93F0-45EE59833305}"
EndProject
Project("{9A19103F-16F7-4668-BE54-9A1E7A4F7556}") = "Services.Order.Domain", "Services\Order\Services.Order.Domain\Services.Order.Domain.csproj", "{997B04D8-D250-4861-BE91-DF1189416DFB}"
EndProject
Project("{9A19103F-16F7-4668-BE54-9A1E7A4F7556}") = "Services.Order.Domain.Core", "Services\Order\Services.Order.Domain.Core\Services.Order.Domain.Core.csproj", "{5795986A-4C99-4FE6-85DB-E33152D4BE42}"
EndProject
Project("{9A19103F-16F7-4668-BE54-9A1E7A4F7556}") = "Services.Order.Infrastructure", "Services\Order\Services.Order.Infrastructure\Services.Order.Infrastructure.csproj", "{1058A626-7B50-419F-8C7D-218A38F9E988}"
EndProject
Project("{2150E333-8FDC-42A3-9474-1A3956D46DE8}") = "FakePayment", "FakePayment", "{0CB49A48-367C-47DB-89C1-B4E10E400DA5}"
EndProject
Project("{FAE04EC0-301F-11D3-BF4B-00C04F79EFBC}") = "Services.FakePayment", "Services\FakePayment\Services.FakePayment\Services.FakePayment.csproj", "{FA2D7362-DF5F-4D6D-9C65-12180E3EB6A0}"
EndProject
Project("{2150E333-8FDC-42A3-9474-1A3956D46DE8}") = "Gateways", "Gateways", "{92321DC4-6A5A-4983-AB0B-859E035590AB}"
EndProject
Project("{FAE04EC0-301F-11D3-BF4B-00C04F79EFBC}") = "Gateway", "Gateways\Gateway\Gateway.csproj", "{219EFD9A-0D35-472B-B842-FE8B3C5A34C0}"
EndProject
Global
	GlobalSection(SolutionConfigurationPlatforms) = preSolution
		Debug|Any CPU = Debug|Any CPU
		Release|Any CPU = Release|Any CPU
	EndGlobalSection
	GlobalSection(ProjectConfigurationPlatforms) = postSolution
		{54F6DA91-4E09-4F49-B6C8-E01508800846}.Debug|Any CPU.ActiveCfg = Debug|Any CPU
		{54F6DA91-4E09-4F49-B6C8-E01508800846}.Debug|Any CPU.Build.0 = Debug|Any CPU
		{54F6DA91-4E09-4F49-B6C8-E01508800846}.Release|Any CPU.ActiveCfg = Release|Any CPU
		{54F6DA91-4E09-4F49-B6C8-E01508800846}.Release|Any CPU.Build.0 = Release|Any CPU
		{98C0C4BF-BF15-4BAF-AED7-D6711E548777}.Debug|Any CPU.ActiveCfg = Debug|Any CPU
		{98C0C4BF-BF15-4BAF-AED7-D6711E548777}.Debug|Any CPU.Build.0 = Debug|Any CPU
		{98C0C4BF-BF15-4BAF-AED7-D6711E548777}.Release|Any CPU.ActiveCfg = Release|Any CPU
		{98C0C4BF-BF15-4BAF-AED7-D6711E548777}.Release|Any CPU.Build.0 = Release|Any CPU
		{A5F9411B-1106-48E3-B284-1EA0CE2B14E7}.Debug|Any CPU.ActiveCfg = Debug|Any CPU
		{A5F9411B-1106-48E3-B284-1EA0CE2B14E7}.Debug|Any CPU.Build.0 = Debug|Any CPU
		{A5F9411B-1106-48E3-B284-1EA0CE2B14E7}.Release|Any CPU.ActiveCfg = Release|Any CPU
		{A5F9411B-1106-48E3-B284-1EA0CE2B14E7}.Release|Any CPU.Build.0 = Release|Any CPU
		{C817EEE7-2081-454F-BA64-94A409426DE2}.Debug|Any CPU.ActiveCfg = Debug|Any CPU
		{C817EEE7-2081-454F-BA64-94A409426DE2}.Debug|Any CPU.Build.0 = Debug|Any CPU
		{C817EEE7-2081-454F-BA64-94A409426DE2}.Release|Any CPU.ActiveCfg = Release|Any CPU
		{C817EEE7-2081-454F-BA64-94A409426DE2}.Release|Any CPU.Build.0 = Release|Any CPU
		{A98D1601-32E2-4A0C-9EA9-4BEC4EEC887F}.Debug|Any CPU.ActiveCfg = Debug|Any CPU
		{A98D1601-32E2-4A0C-9EA9-4BEC4EEC887F}.Debug|Any CPU.Build.0 = Debug|Any CPU
		{A98D1601-32E2-4A0C-9EA9-4BEC4EEC887F}.Release|Any CPU.ActiveCfg = Release|Any CPU
		{A98D1601-32E2-4A0C-9EA9-4BEC4EEC887F}.Release|Any CPU.Build.0 = Release|Any CPU
		{EB578DE7-8F82-4A85-A1FF-97B6CA32EDF6}.Debug|Any CPU.ActiveCfg = Debug|Any CPU
		{EB578DE7-8F82-4A85-A1FF-97B6CA32EDF6}.Debug|Any CPU.Build.0 = Debug|Any CPU
		{EB578DE7-8F82-4A85-A1FF-97B6CA32EDF6}.Release|Any CPU.ActiveCfg = Release|Any CPU
		{EB578DE7-8F82-4A85-A1FF-97B6CA32EDF6}.Release|Any CPU.Build.0 = Release|Any CPU
		{29633A15-B56C-4F84-BE17-512250634351}.Debug|Any CPU.ActiveCfg = Debug|Any CPU
		{29633A15-B56C-4F84-BE17-512250634351}.Debug|Any CPU.Build.0 = Debug|Any CPU
		{29633A15-B56C-4F84-BE17-512250634351}.Release|Any CPU.ActiveCfg = Release|Any CPU
		{29633A15-B56C-4F84-BE17-512250634351}.Release|Any CPU.Build.0 = Release|Any CPU
		{A3BA4725-7108-4D67-93F0-45EE59833305}.Debug|Any CPU.ActiveCfg = Debug|Any CPU
		{A3BA4725-7108-4D67-93F0-45EE59833305}.Debug|Any CPU.Build.0 = Debug|Any CPU
		{A3BA4725-7108-4D67-93F0-45EE59833305}.Release|Any CPU.ActiveCfg = Release|Any CPU
		{A3BA4725-7108-4D67-93F0-45EE59833305}.Release|Any CPU.Build.0 = Release|Any CPU
		{997B04D8-D250-4861-BE91-DF1189416DFB}.Debug|Any CPU.ActiveCfg = Debug|Any CPU
		{997B04D8-D250-4861-BE91-DF1189416DFB}.Debug|Any CPU.Build.0 = Debug|Any CPU
		{997B04D8-D250-4861-BE91-DF1189416DFB}.Release|Any CPU.ActiveCfg = Release|Any CPU
		{997B04D8-D250-4861-BE91-DF1189416DFB}.Release|Any CPU.Build.0 = Release|Any CPU
		{5795986A-4C99-4FE6-85DB-E33152D4BE42}.Debug|Any CPU.ActiveCfg = Debug|Any CPU
		{5795986A-4C99-4FE6-85DB-E33152D4BE42}.Debug|Any CPU.Build.0 = Debug|Any CPU
		{5795986A-4C99-4FE6-85DB-E33152D4BE42}.Release|Any CPU.ActiveCfg = Release|Any CPU
		{5795986A-4C99-4FE6-85DB-E33152D4BE42}.Release|Any CPU.Build.0 = Release|Any CPU
		{1058A626-7B50-419F-8C7D-218A38F9E988}.Debug|Any CPU.ActiveCfg = Debug|Any CPU
		{1058A626-7B50-419F-8C7D-218A38F9E988}.Debug|Any CPU.Build.0 = Debug|Any CPU
		{1058A626-7B50-419F-8C7D-218A38F9E988}.Release|Any CPU.ActiveCfg = Release|Any CPU
		{1058A626-7B50-419F-8C7D-218A38F9E988}.Release|Any CPU.Build.0 = Release|Any CPU
		{FA2D7362-DF5F-4D6D-9C65-12180E3EB6A0}.Debug|Any CPU.ActiveCfg = Debug|Any CPU
		{FA2D7362-DF5F-4D6D-9C65-12180E3EB6A0}.Debug|Any CPU.Build.0 = Debug|Any CPU
		{FA2D7362-DF5F-4D6D-9C65-12180E3EB6A0}.Release|Any CPU.ActiveCfg = Release|Any CPU
		{FA2D7362-DF5F-4D6D-9C65-12180E3EB6A0}.Release|Any CPU.Build.0 = Release|Any CPU
		{219EFD9A-0D35-472B-B842-FE8B3C5A34C0}.Debug|Any CPU.ActiveCfg = Debug|Any CPU
		{219EFD9A-0D35-472B-B842-FE8B3C5A34C0}.Debug|Any CPU.Build.0 = Debug|Any CPU
		{219EFD9A-0D35-472B-B842-FE8B3C5A34C0}.Release|Any CPU.ActiveCfg = Release|Any CPU
		{219EFD9A-0D35-472B-B842-FE8B3C5A34C0}.Release|Any CPU.Build.0 = Release|Any CPU
	EndGlobalSection
	GlobalSection(SolutionProperties) = preSolution
		HideSolutionNode = FALSE
	EndGlobalSection
	GlobalSection(NestedProjects) = preSolution
		{379AF819-A527-4CAE-A56F-D513D073FF2E} = {098CCEA5-E69A-4A27-A6B3-97F105631A9F}
		{54F6DA91-4E09-4F49-B6C8-E01508800846} = {379AF819-A527-4CAE-A56F-D513D073FF2E}
		{98C0C4BF-BF15-4BAF-AED7-D6711E548777} = {35553A68-214A-443E-A48F-2BB66AA25E46}
		{A5F9411B-1106-48E3-B284-1EA0CE2B14E7} = {E4CE46ED-7D8E-4369-ADF5-9C52B8216936}
		{53C00699-4B8A-4A8E-9C65-535A280DE19D} = {098CCEA5-E69A-4A27-A6B3-97F105631A9F}
		{C817EEE7-2081-454F-BA64-94A409426DE2} = {53C00699-4B8A-4A8E-9C65-535A280DE19D}
		{EBD17CAE-811C-4DBF-B96E-398A051FD289} = {098CCEA5-E69A-4A27-A6B3-97F105631A9F}
		{A98D1601-32E2-4A0C-9EA9-4BEC4EEC887F} = {EBD17CAE-811C-4DBF-B96E-398A051FD289}
		{72138DAD-BB6D-405D-8EBE-67232D9DEC3D} = {098CCEA5-E69A-4A27-A6B3-97F105631A9F}
		{EB578DE7-8F82-4A85-A1FF-97B6CA32EDF6} = {72138DAD-BB6D-405D-8EBE-67232D9DEC3D}
		{8965C634-118B-4A44-80C9-A972C7786E9B} = {098CCEA5-E69A-4A27-A6B3-97F105631A9F}
		{29633A15-B56C-4F84-BE17-512250634351} = {8965C634-118B-4A44-80C9-A972C7786E9B}
		{A3BA4725-7108-4D67-93F0-45EE59833305} = {8965C634-118B-4A44-80C9-A972C7786E9B}
		{997B04D8-D250-4861-BE91-DF1189416DFB} = {8965C634-118B-4A44-80C9-A972C7786E9B}
		{5795986A-4C99-4FE6-85DB-E33152D4BE42} = {8965C634-118B-4A44-80C9-A972C7786E9B}
		{1058A626-7B50-419F-8C7D-218A38F9E988} = {8965C634-118B-4A44-80C9-A972C7786E9B}
		{0CB49A48-367C-47DB-89C1-B4E10E400DA5} = {098CCEA5-E69A-4A27-A6B3-97F105631A9F}
		{FA2D7362-DF5F-4D6D-9C65-12180E3EB6A0} = {0CB49A48-367C-47DB-89C1-B4E10E400DA5}
		{219EFD9A-0D35-472B-B842-FE8B3C5A34C0} = {92321DC4-6A5A-4983-AB0B-859E035590AB}
	EndGlobalSection
	GlobalSection(ExtensibilityGlobals) = postSolution
		SolutionGuid = {E662AF06-2F63-49C9-BA8B-9999CE94DE49}
	EndGlobalSection
EndGlobal
